
Microsoft Visual Studio Solution File, Format Version 12.00
# Visual Studio Version 16
VisualStudioVersion = 16.0.31624.102
MinimumVisualStudioVersion = 10.0.40219.1
Project("{FAE04EC0-301F-11D3-BF4B-00C04F79EFBC}") = "FlipCoin", "FlipCoin\FlipCoin.csproj", "{87C4D6C8-A1E6-4178-8944-E94BFFA096D1}"
EndProject
Global
	GlobalSection(SolutionConfigurationPlatforms) = preSolution
		Debug|Any CPU = Debug|Any CPU
		Release|Any CPU = Release|Any CPU
	EndGlobalSection
	GlobalSection(ProjectConfigurationPlatforms) = postSolution
		{87C4D6C8-A1E6-4178-8944-E94BFFA096D1}.Debug|Any CPU.ActiveCfg = Debug|Any CPU
		{87C4D6C8-A1E6-4178-8944-E94BFFA096D1}.Debug|Any CPU.Build.0 = Debug|Any CPU
		{87C4D6C8-A1E6-4178-8944-E94BFFA096D1}.Release|Any CPU.ActiveCfg = Release|Any CPU
		{87C4D6C8-A1E6-4178-8944-E94BFFA096D1}.Release|Any CPU.Build.0 = Release|Any CPU
	EndGlobalSection
	GlobalSection(SolutionProperties) = preSolution
		HideSolutionNode = FALSE
	EndGlobalSection
	GlobalSection(ExtensibilityGlobals) = postSolution
		SolutionGuid = {585F0885-6528-47A0-B007-FF66805577E5}
	EndGlobalSection
EndGlobal
