
Microsoft Visual Studio Solution File, Format Version 12.00
# Visual Studio Version 16
VisualStudioVersion = 16.0.31624.102
MinimumVisualStudioVersion = 10.0.40219.1
Project("{FAE04EC0-301F-11D3-BF4B-00C04F79EFBC}") = "OddEven", "OddEven\OddEven.csproj", "{8786ACB4-838D-4361-B71D-9E683AE3BCBD}"
EndProject
Global
	GlobalSection(SolutionConfigurationPlatforms) = preSolution
		Debug|Any CPU = Debug|Any CPU
		Release|Any CPU = Release|Any CPU
	EndGlobalSection
	GlobalSection(ProjectConfigurationPlatforms) = postSolution
		{8786ACB4-838D-4361-B71D-9E683AE3BCBD}.Debug|Any CPU.ActiveCfg = Debug|Any CPU
		{8786ACB4-838D-4361-B71D-9E683AE3BCBD}.Debug|Any CPU.Build.0 = Debug|Any CPU
		{8786ACB4-838D-4361-B71D-9E683AE3BCBD}.Release|Any CPU.ActiveCfg = Release|Any CPU
		{8786ACB4-838D-4361-B71D-9E683AE3BCBD}.Release|Any CPU.Build.0 = Release|Any CPU
	EndGlobalSection
	GlobalSection(SolutionProperties) = preSolution
		HideSolutionNode = FALSE
	EndGlobalSection
	GlobalSection(ExtensibilityGlobals) = postSolution
		SolutionGuid = {BCB78A35-20B2-4D82-8251-04EC305D9D1D}
	EndGlobalSection
EndGlobal
